
Microsoft Visual Studio Solution File, Format Version 12.00
# Visual Studio Version 16
VisualStudioVersion = 16.0.30804.86
MinimumVisualStudioVersion = 10.0.40219.1
Project("{9A19103F-16F7-4668-BE54-9A1E7A4F7556}") = "BusinessRulesEngine.Model", "BusinessRulesEngine.Model\BusinessRulesEngine.Model.csproj", "{F4AE2DB9-2493-4916-B64E-9689E949C6E8}"
EndProject
Project("{9A19103F-16F7-4668-BE54-9A1E7A4F7556}") = "BusinessRulesEngine", "BusinessRulesEngine\BusinessRulesEngine.csproj", "{7ED75257-F2D9-44DE-80C8-FE2F9F6FE42B}"
EndProject
Project("{FAE04EC0-301F-11D3-BF4B-00C04F79EFBC}") = "BusinessRulesEngine.Tests", "BusinessRulesEngine.Tests\BusinessRulesEngine.Tests.csproj", "{A0BA1356-5B9A-444C-B71C-D7ECBC242399}"
EndProject
Global
	GlobalSection(SolutionConfigurationPlatforms) = preSolution
		Debug|Any CPU = Debug|Any CPU
		Release|Any CPU = Release|Any CPU
	EndGlobalSection
	GlobalSection(ProjectConfigurationPlatforms) = postSolution
		{F4AE2DB9-2493-4916-B64E-9689E949C6E8}.Debug|Any CPU.ActiveCfg = Debug|Any CPU
		{F4AE2DB9-2493-4916-B64E-9689E949C6E8}.Debug|Any CPU.Build.0 = Debug|Any CPU
		{F4AE2DB9-2493-4916-B64E-9689E949C6E8}.Release|Any CPU.ActiveCfg = Release|Any CPU
		{F4AE2DB9-2493-4916-B64E-9689E949C6E8}.Release|Any CPU.Build.0 = Release|Any CPU
		{7ED75257-F2D9-44DE-80C8-FE2F9F6FE42B}.Debug|Any CPU.ActiveCfg = Debug|Any CPU
		{7ED75257-F2D9-44DE-80C8-FE2F9F6FE42B}.Debug|Any CPU.Build.0 = Debug|Any CPU
		{7ED75257-F2D9-44DE-80C8-FE2F9F6FE42B}.Release|Any CPU.ActiveCfg = Release|Any CPU
		{7ED75257-F2D9-44DE-80C8-FE2F9F6FE42B}.Release|Any CPU.Build.0 = Release|Any CPU
		{A0BA1356-5B9A-444C-B71C-D7ECBC242399}.Debug|Any CPU.ActiveCfg = Debug|Any CPU
		{A0BA1356-5B9A-444C-B71C-D7ECBC242399}.Debug|Any CPU.Build.0 = Debug|Any CPU
		{A0BA1356-5B9A-444C-B71C-D7ECBC242399}.Release|Any CPU.ActiveCfg = Release|Any CPU
		{A0BA1356-5B9A-444C-B71C-D7ECBC242399}.Release|Any CPU.Build.0 = Release|Any CPU
	EndGlobalSection
	GlobalSection(SolutionProperties) = preSolution
		HideSolutionNode = FALSE
	EndGlobalSection
	GlobalSection(ExtensibilityGlobals) = postSolution
		SolutionGuid = {D75AF0DA-2E03-46CC-BD40-D07AFA155D32}
	EndGlobalSection
EndGlobal
